// !$*UTF8*$!
{
	archiveVersion = 1;
	classes = {
	};
	objectVersion = 46;
	objects = {

/* Begin PBXBuildFile section */
		4BC3C650C27F04D198DB52B7 /* Pods_Athletes.framework in Frameworks */ = {isa = PBXBuildFile; fileRef = A92F4042B50A30648236696F /* Pods_Athletes.framework */; };
		541507B01F9B42D4001965D7 /* AthletesViewController.swift in Sources */ = {isa = PBXBuildFile; fileRef = 541507AF1F9B42D4001965D7 /* AthletesViewController.swift */; };
		541507B21F9B43AC001965D7 /* AthletesPresenter.swift in Sources */ = {isa = PBXBuildFile; fileRef = 541507B11F9B43AC001965D7 /* AthletesPresenter.swift */; };
		541507B41F9B43BA001965D7 /* AthletesView.swift in Sources */ = {isa = PBXBuildFile; fileRef = 541507B31F9B43BA001965D7 /* AthletesView.swift */; };
		541507B81F9B5435001965D7 /* Extensions.swift in Sources */ = {isa = PBXBuildFile; fileRef = 541507B71F9B5435001965D7 /* Extensions.swift */; };
		54396D251F99411200433EC2 /* AppDelegate.swift in Sources */ = {isa = PBXBuildFile; fileRef = 54396D241F99411200433EC2 /* AppDelegate.swift */; };
		54396D2A1F99411200433EC2 /* Main.storyboard in Resources */ = {isa = PBXBuildFile; fileRef = 54396D281F99411200433EC2 /* Main.storyboard */; };
		54396D2C1F99411200433EC2 /* Assets.xcassets in Resources */ = {isa = PBXBuildFile; fileRef = 54396D2B1F99411200433EC2 /* Assets.xcassets */; };
		54396D2F1F99411200433EC2 /* LaunchScreen.storyboard in Resources */ = {isa = PBXBuildFile; fileRef = 54396D2D1F99411200433EC2 /* LaunchScreen.storyboard */; };
		54396D3A1F99411200433EC2 /* AthletesTests.swift in Sources */ = {isa = PBXBuildFile; fileRef = 54396D391F99411200433EC2 /* AthletesTests.swift */; };
		54396D451F99411200433EC2 /* AthletesUITests.swift in Sources */ = {isa = PBXBuildFile; fileRef = 54396D441F99411200433EC2 /* AthletesUITests.swift */; };
		54396D571F99426700433EC2 /* TcAthletes.swift in Sources */ = {isa = PBXBuildFile; fileRef = 54396D551F99426700433EC2 /* TcAthletes.swift */; };
		54396D581F99426700433EC2 /* TcAthletes.xib in Resources */ = {isa = PBXBuildFile; fileRef = 54396D561F99426700433EC2 /* TcAthletes.xib */; };
		54396D5B1F994B0300433EC2 /* Constants.swift in Sources */ = {isa = PBXBuildFile; fileRef = 54396D591F994B0300433EC2 /* Constants.swift */; };
		54396D5C1F994B0300433EC2 /* Uitilities.swift in Sources */ = {isa = PBXBuildFile; fileRef = 54396D5A1F994B0300433EC2 /* Uitilities.swift */; };
		548946211F9B95530031B3B7 /* AthletesDetailsViewController.swift in Sources */ = {isa = PBXBuildFile; fileRef = 548946201F9B95530031B3B7 /* AthletesDetailsViewController.swift */; };
		54A171961F994F5200B84ADF /* Athlete.swift in Sources */ = {isa = PBXBuildFile; fileRef = 54A171941F994F5200B84ADF /* Athlete.swift */; };
		54A171971F994F5200B84ADF /* ModAthletes.swift in Sources */ = {isa = PBXBuildFile; fileRef = 54A171951F994F5200B84ADF /* ModAthletes.swift */; };
		54A171991F99504100B84ADF /* NetworkHelper.swift in Sources */ = {isa = PBXBuildFile; fileRef = 54A171981F99504100B84ADF /* NetworkHelper.swift */; };
		54A1719B1F99505000B84ADF /* AccessLayer.swift in Sources */ = {isa = PBXBuildFile; fileRef = 54A1719A1F99505000B84ADF /* AccessLayer.swift */; };
		D32EA3B8CAC183C73DC450F6 /* Pods_AthletesUITests.framework in Frameworks */ = {isa = PBXBuildFile; fileRef = F94FDF3D367B00961A2D2565 /* Pods_AthletesUITests.framework */; };
		D48555ED670A67E116572ABA /* Pods_AthletesTests.framework in Frameworks */ = {isa = PBXBuildFile; fileRef = AE54CF0C6E92F79A7C9728CF /* Pods_AthletesTests.framework */; };
/* End PBXBuildFile section */

/* Begin PBXContainerItemProxy section */
		54396D361F99411200433EC2 /* PBXContainerItemProxy */ = {
			isa = PBXContainerItemProxy;
			containerPortal = 54396D191F99411200433EC2 /* Project object */;
			proxyType = 1;
			remoteGlobalIDString = 54396D201F99411200433EC2;
			remoteInfo = Athletes;
		};
		54396D411F99411200433EC2 /* PBXContainerItemProxy */ = {
			isa = PBXContainerItemProxy;
			containerPortal = 54396D191F99411200433EC2 /* Project object */;
			proxyType = 1;
			remoteGlobalIDString = 54396D201F99411200433EC2;
			remoteInfo = Athletes;
		};
/* End PBXContainerItemProxy section */

/* Begin PBXFileReference section */
		33250869FFA0972968361F6A /* Pods-AthletesTests.debug.xcconfig */ = {isa = PBXFileReference; includeInIndex = 1; lastKnownFileType = text.xcconfig; name = "Pods-AthletesTests.debug.xcconfig"; path = "Pods/Target Support Files/Pods-AthletesTests/Pods-AthletesTests.debug.xcconfig"; sourceTree = "<group>"; };
		541507AF1F9B42D4001965D7 /* AthletesViewController.swift */ = {isa = PBXFileReference; fileEncoding = 4; lastKnownFileType = sourcecode.swift; path = AthletesViewController.swift; sourceTree = "<group>"; };
		541507B11F9B43AC001965D7 /* AthletesPresenter.swift */ = {isa = PBXFileReference; fileEncoding = 4; lastKnownFileType = sourcecode.swift; path = AthletesPresenter.swift; sourceTree = "<group>"; };
		541507B31F9B43BA001965D7 /* AthletesView.swift */ = {isa = PBXFileReference; fileEncoding = 4; lastKnownFileType = sourcecode.swift; path = AthletesView.swift; sourceTree = "<group>"; };
		541507B71F9B5435001965D7 /* Extensions.swift */ = {isa = PBXFileReference; fileEncoding = 4; lastKnownFileType = sourcecode.swift; path = Extensions.swift; sourceTree = "<group>"; };
		54396D211F99411200433EC2 /* Athletes.app */ = {isa = PBXFileReference; explicitFileType = wrapper.application; includeInIndex = 0; path = Athletes.app; sourceTree = BUILT_PRODUCTS_DIR; };
		54396D241F99411200433EC2 /* AppDelegate.swift */ = {isa = PBXFileReference; lastKnownFileType = sourcecode.swift; path = AppDelegate.swift; sourceTree = "<group>"; };
		54396D291F99411200433EC2 /* Base */ = {isa = PBXFileReference; lastKnownFileType = file.storyboard; name = Base; path = Base.lproj/Main.storyboard; sourceTree = "<group>"; };
		54396D2B1F99411200433EC2 /* Assets.xcassets */ = {isa = PBXFileReference; lastKnownFileType = folder.assetcatalog; path = Assets.xcassets; sourceTree = "<group>"; };
		54396D2E1F99411200433EC2 /* Base */ = {isa = PBXFileReference; lastKnownFileType = file.storyboard; name = Base; path = Base.lproj/LaunchScreen.storyboard; sourceTree = "<group>"; };
		54396D301F99411200433EC2 /* Info.plist */ = {isa = PBXFileReference; lastKnownFileType = text.plist.xml; path = Info.plist; sourceTree = "<group>"; };
		54396D351F99411200433EC2 /* AthletesTests.xctest */ = {isa = PBXFileReference; explicitFileType = wrapper.cfbundle; includeInIndex = 0; path = AthletesTests.xctest; sourceTree = BUILT_PRODUCTS_DIR; };
		54396D391F99411200433EC2 /* AthletesTests.swift */ = {isa = PBXFileReference; lastKnownFileType = sourcecode.swift; path = AthletesTests.swift; sourceTree = "<group>"; };
		54396D3B1F99411200433EC2 /* Info.plist */ = {isa = PBXFileReference; lastKnownFileType = text.plist.xml; path = Info.plist; sourceTree = "<group>"; };
		54396D401F99411200433EC2 /* AthletesUITests.xctest */ = {isa = PBXFileReference; explicitFileType = wrapper.cfbundle; includeInIndex = 0; path = AthletesUITests.xctest; sourceTree = BUILT_PRODUCTS_DIR; };
		54396D441F99411200433EC2 /* AthletesUITests.swift */ = {isa = PBXFileReference; lastKnownFileType = sourcecode.swift; path = AthletesUITests.swift; sourceTree = "<group>"; };
		54396D461F99411200433EC2 /* Info.plist */ = {isa = PBXFileReference; lastKnownFileType = text.plist.xml; path = Info.plist; sourceTree = "<group>"; };
		54396D551F99426700433EC2 /* TcAthletes.swift */ = {isa = PBXFileReference; fileEncoding = 4; lastKnownFileType = sourcecode.swift; path = TcAthletes.swift; sourceTree = "<group>"; };
		54396D561F99426700433EC2 /* TcAthletes.xib */ = {isa = PBXFileReference; fileEncoding = 4; lastKnownFileType = file.xib; path = TcAthletes.xib; sourceTree = "<group>"; };
		54396D591F994B0300433EC2 /* Constants.swift */ = {isa = PBXFileReference; fileEncoding = 4; lastKnownFileType = sourcecode.swift; path = Constants.swift; sourceTree = "<group>"; };
		54396D5A1F994B0300433EC2 /* Uitilities.swift */ = {isa = PBXFileReference; fileEncoding = 4; lastKnownFileType = sourcecode.swift; path = Uitilities.swift; sourceTree = "<group>"; };
		548946201F9B95530031B3B7 /* AthletesDetailsViewController.swift */ = {isa = PBXFileReference; fileEncoding = 4; lastKnownFileType = sourcecode.swift; path = AthletesDetailsViewController.swift; sourceTree = "<group>"; };
		54A171941F994F5200B84ADF /* Athlete.swift */ = {isa = PBXFileReference; fileEncoding = 4; lastKnownFileType = sourcecode.swift; path = Athlete.swift; sourceTree = "<group>"; };
		54A171951F994F5200B84ADF /* ModAthletes.swift */ = {isa = PBXFileReference; fileEncoding = 4; lastKnownFileType = sourcecode.swift; path = ModAthletes.swift; sourceTree = "<group>"; };
		54A171981F99504100B84ADF /* NetworkHelper.swift */ = {isa = PBXFileReference; fileEncoding = 4; lastKnownFileType = sourcecode.swift; path = NetworkHelper.swift; sourceTree = "<group>"; };
		54A1719A1F99505000B84ADF /* AccessLayer.swift */ = {isa = PBXFileReference; fileEncoding = 4; lastKnownFileType = sourcecode.swift; path = AccessLayer.swift; sourceTree = "<group>"; };
		9047DB782E238B75E7DDD479 /* Pods-AthletesUITests.debug.xcconfig */ = {isa = PBXFileReference; includeInIndex = 1; lastKnownFileType = text.xcconfig; name = "Pods-AthletesUITests.debug.xcconfig"; path = "Pods/Target Support Files/Pods-AthletesUITests/Pods-AthletesUITests.debug.xcconfig"; sourceTree = "<group>"; };
		9C8A78E34EAEA3DEEB9225E6 /* Pods-AthletesTests.release.xcconfig */ = {isa = PBXFileReference; includeInIndex = 1; lastKnownFileType = text.xcconfig; name = "Pods-AthletesTests.release.xcconfig"; path = "Pods/Target Support Files/Pods-AthletesTests/Pods-AthletesTests.release.xcconfig"; sourceTree = "<group>"; };
		A92F4042B50A30648236696F /* Pods_Athletes.framework */ = {isa = PBXFileReference; explicitFileType = wrapper.framework; includeInIndex = 0; path = Pods_Athletes.framework; sourceTree = BUILT_PRODUCTS_DIR; };
		AE54CF0C6E92F79A7C9728CF /* Pods_AthletesTests.framework */ = {isa = PBXFileReference; explicitFileType = wrapper.framework; includeInIndex = 0; path = Pods_AthletesTests.framework; sourceTree = BUILT_PRODUCTS_DIR; };
		C552E5D44682DA4CB11F95B1 /* Pods-AthletesUITests.release.xcconfig */ = {isa = PBXFileReference; includeInIndex = 1; lastKnownFileType = text.xcconfig; name = "Pods-AthletesUITests.release.xcconfig"; path = "Pods/Target Support Files/Pods-AthletesUITests/Pods-AthletesUITests.release.xcconfig"; sourceTree = "<group>"; };
		CF1AD7463B4D687E6EB44E1D /* Pods-Athletes.debug.xcconfig */ = {isa = PBXFileReference; includeInIndex = 1; lastKnownFileType = text.xcconfig; name = "Pods-Athletes.debug.xcconfig"; path = "Pods/Target Support Files/Pods-Athletes/Pods-Athletes.debug.xcconfig"; sourceTree = "<group>"; };
		D0A6AF8242FE1B291E2FFC63 /* Pods-Athletes.release.xcconfig */ = {isa = PBXFileReference; includeInIndex = 1; lastKnownFileType = text.xcconfig; name = "Pods-Athletes.release.xcconfig"; path = "Pods/Target Support Files/Pods-Athletes/Pods-Athletes.release.xcconfig"; sourceTree = "<group>"; };
		F94FDF3D367B00961A2D2565 /* Pods_AthletesUITests.framework */ = {isa = PBXFileReference; explicitFileType = wrapper.framework; includeInIndex = 0; path = Pods_AthletesUITests.framework; sourceTree = BUILT_PRODUCTS_DIR; };
/* End PBXFileReference section */

/* Begin PBXFrameworksBuildPhase section */
		54396D1E1F99411200433EC2 /* Frameworks */ = {
			isa = PBXFrameworksBuildPhase;
			buildActionMask = 2147483647;
			files = (
				4BC3C650C27F04D198DB52B7 /* Pods_Athletes.framework in Frameworks */,
			);
			runOnlyForDeploymentPostprocessing = 0;
		};
		54396D321F99411200433EC2 /* Frameworks */ = {
			isa = PBXFrameworksBuildPhase;
			buildActionMask = 2147483647;
			files = (
				D48555ED670A67E116572ABA /* Pods_AthletesTests.framework in Frameworks */,
			);
			runOnlyForDeploymentPostprocessing = 0;
		};
		54396D3D1F99411200433EC2 /* Frameworks */ = {
			isa = PBXFrameworksBuildPhase;
			buildActionMask = 2147483647;
			files = (
				D32EA3B8CAC183C73DC450F6 /* Pods_AthletesUITests.framework in Frameworks */,
			);
			runOnlyForDeploymentPostprocessing = 0;
		};
/* End PBXFrameworksBuildPhase section */

/* Begin PBXGroup section */
		129E42A295FE506BFEDB31DB /* Frameworks */ = {
			isa = PBXGroup;
			children = (
				A92F4042B50A30648236696F /* Pods_Athletes.framework */,
				AE54CF0C6E92F79A7C9728CF /* Pods_AthletesTests.framework */,
				F94FDF3D367B00961A2D2565 /* Pods_AthletesUITests.framework */,
			);
			name = Frameworks;
			sourceTree = "<group>";
		};
		541507AE1F9B4281001965D7 /* Athletes */ = {
			isa = PBXGroup;
			children = (
				541507AF1F9B42D4001965D7 /* AthletesViewController.swift */,
				541507B11F9B43AC001965D7 /* AthletesPresenter.swift */,
				541507B31F9B43BA001965D7 /* AthletesView.swift */,
			);
			name = Athletes;
			path = Athletes/Athletes;
			sourceTree = "<group>";
		};
		54396D181F99411200433EC2 = {
			isa = PBXGroup;
			children = (
				5489461D1F9B93FA0031B3B7 /* AthletesDetails */,
				541507AE1F9B4281001965D7 /* Athletes */,
				54396D541F99423200433EC2 /* Models */,
				54396D531F9941F800433EC2 /* SupportClasses */,
				54396D521F9941E500433EC2 /* Views */,
				54396D231F99411200433EC2 /* Athletes */,
				54396D381F99411200433EC2 /* AthletesTests */,
				54396D431F99411200433EC2 /* AthletesUITests */,
				54396D221F99411200433EC2 /* Products */,
				78F5D3FAA0BD14FAB0875FF9 /* Pods */,
				129E42A295FE506BFEDB31DB /* Frameworks */,
			);
			sourceTree = "<group>";
		};
		54396D221F99411200433EC2 /* Products */ = {
			isa = PBXGroup;
			children = (
				54396D211F99411200433EC2 /* Athletes.app */,
				54396D351F99411200433EC2 /* AthletesTests.xctest */,
				54396D401F99411200433EC2 /* AthletesUITests.xctest */,
			);
			name = Products;
			sourceTree = "<group>";
		};
		54396D231F99411200433EC2 /* Athletes */ = {
			isa = PBXGroup;
			children = (
				54396D241F99411200433EC2 /* AppDelegate.swift */,
				54396D281F99411200433EC2 /* Main.storyboard */,
				54396D2B1F99411200433EC2 /* Assets.xcassets */,
				54396D2D1F99411200433EC2 /* LaunchScreen.storyboard */,
				54396D301F99411200433EC2 /* Info.plist */,
			);
			path = Athletes;
			sourceTree = "<group>";
		};
		54396D381F99411200433EC2 /* AthletesTests */ = {
			isa = PBXGroup;
			children = (
				54396D391F99411200433EC2 /* AthletesTests.swift */,
				54396D3B1F99411200433EC2 /* Info.plist */,
			);
			path = AthletesTests;
			sourceTree = "<group>";
		};
		54396D431F99411200433EC2 /* AthletesUITests */ = {
			isa = PBXGroup;
			children = (
				54396D441F99411200433EC2 /* AthletesUITests.swift */,
				54396D461F99411200433EC2 /* Info.plist */,
			);
			path = AthletesUITests;
			sourceTree = "<group>";
		};
		54396D521F9941E500433EC2 /* Views */ = {
			isa = PBXGroup;
			children = (
				54396D551F99426700433EC2 /* TcAthletes.swift */,
				54396D561F99426700433EC2 /* TcAthletes.xib */,
			);
			name = Views;
			path = Athletes/Views;
			sourceTree = "<group>";
		};
		54396D531F9941F800433EC2 /* SupportClasses */ = {
			isa = PBXGroup;
			children = (
				541507B71F9B5435001965D7 /* Extensions.swift */,
				54A1719A1F99505000B84ADF /* AccessLayer.swift */,
				54A171981F99504100B84ADF /* NetworkHelper.swift */,
				54396D591F994B0300433EC2 /* Constants.swift */,
				54396D5A1F994B0300433EC2 /* Uitilities.swift */,
			);
			name = SupportClasses;
			path = Athletes/SupportClasses;
			sourceTree = "<group>";
		};
		54396D541F99423200433EC2 /* Models */ = {
			isa = PBXGroup;
			children = (
				54A171941F994F5200B84ADF /* Athlete.swift */,
				54A171951F994F5200B84ADF /* ModAthletes.swift */,
			);
			name = Models;
			path = Athletes/Models;
			sourceTree = "<group>";
		};
		5489461D1F9B93FA0031B3B7 /* AthletesDetails */ = {
			isa = PBXGroup;
			children = (
				548946201F9B95530031B3B7 /* AthletesDetailsViewController.swift */,
			);
			name = AthletesDetails;
			path = Athletes/AthletesDetails;
			sourceTree = "<group>";
		};
		78F5D3FAA0BD14FAB0875FF9 /* Pods */ = {
			isa = PBXGroup;
			children = (
				CF1AD7463B4D687E6EB44E1D /* Pods-Athletes.debug.xcconfig */,
				D0A6AF8242FE1B291E2FFC63 /* Pods-Athletes.release.xcconfig */,
				33250869FFA0972968361F6A /* Pods-AthletesTests.debug.xcconfig */,
				9C8A78E34EAEA3DEEB9225E6 /* Pods-AthletesTests.release.xcconfig */,
				9047DB782E238B75E7DDD479 /* Pods-AthletesUITests.debug.xcconfig */,
				C552E5D44682DA4CB11F95B1 /* Pods-AthletesUITests.release.xcconfig */,
			);
			name = Pods;
			sourceTree = "<group>";
		};
/* End PBXGroup section */

/* Begin PBXNativeTarget section */
		54396D201F99411200433EC2 /* Athletes */ = {
			isa = PBXNativeTarget;
			buildConfigurationList = 54396D491F99411200433EC2 /* Build configuration list for PBXNativeTarget "Athletes" */;
			buildPhases = (
				C07F9F1507571FC9F3A6F0E9 /* [CP] Check Pods Manifest.lock */,
				54396D1D1F99411200433EC2 /* Sources */,
				54396D1E1F99411200433EC2 /* Frameworks */,
				54396D1F1F99411200433EC2 /* Resources */,
				B67FA4A5872FDC1AF10CAF4C /* [CP] Embed Pods Frameworks */,
				D3311E30031971828888EE7E /* [CP] Copy Pods Resources */,
			);
			buildRules = (
			);
			dependencies = (
			);
			name = Athletes;
			productName = Athletes;
			productReference = 54396D211F99411200433EC2 /* Athletes.app */;
			productType = "com.apple.product-type.application";
		};
		54396D341F99411200433EC2 /* AthletesTests */ = {
			isa = PBXNativeTarget;
			buildConfigurationList = 54396D4C1F99411200433EC2 /* Build configuration list for PBXNativeTarget "AthletesTests" */;
			buildPhases = (
				900414D20E5225FCC723F534 /* [CP] Check Pods Manifest.lock */,
				54396D311F99411200433EC2 /* Sources */,
				54396D321F99411200433EC2 /* Frameworks */,
				54396D331F99411200433EC2 /* Resources */,
				D43878A1C792947679014A59 /* [CP] Embed Pods Frameworks */,
				4F56093D508FA3D8F1184D29 /* [CP] Copy Pods Resources */,
			);
			buildRules = (
			);
			dependencies = (
				54396D371F99411200433EC2 /* PBXTargetDependency */,
			);
			name = AthletesTests;
			productName = AthletesTests;
			productReference = 54396D351F99411200433EC2 /* AthletesTests.xctest */;
			productType = "com.apple.product-type.bundle.unit-test";
		};
		54396D3F1F99411200433EC2 /* AthletesUITests */ = {
			isa = PBXNativeTarget;
			buildConfigurationList = 54396D4F1F99411200433EC2 /* Build configuration list for PBXNativeTarget "AthletesUITests" */;
			buildPhases = (
				56D8C3883272967BAB4FA483 /* [CP] Check Pods Manifest.lock */,
				54396D3C1F99411200433EC2 /* Sources */,
				54396D3D1F99411200433EC2 /* Frameworks */,
				54396D3E1F99411200433EC2 /* Resources */,
				3CACF59B2E5B839D926507F9 /* [CP] Embed Pods Frameworks */,
				7B6D1F808B132F718CF6D6AD /* [CP] Copy Pods Resources */,
			);
			buildRules = (
			);
			dependencies = (
				54396D421F99411200433EC2 /* PBXTargetDependency */,
			);
			name = AthletesUITests;
			productName = AthletesUITests;
			productReference = 54396D401F99411200433EC2 /* AthletesUITests.xctest */;
			productType = "com.apple.product-type.bundle.ui-testing";
		};
/* End PBXNativeTarget section */

/* Begin PBXProject section */
		54396D191F99411200433EC2 /* Project object */ = {
			isa = PBXProject;
			attributes = {
				LastSwiftUpdateCheck = 0830;
				LastUpgradeCheck = 0830;
				ORGANIZATIONNAME = "Mariam Abdelhamid";
				TargetAttributes = {
					54396D201F99411200433EC2 = {
						CreatedOnToolsVersion = 8.3.2;
						DevelopmentTeam = WXS3KZ834R;
						ProvisioningStyle = Automatic;
					};
					54396D341F99411200433EC2 = {
						CreatedOnToolsVersion = 8.3.2;
						DevelopmentTeam = WXS3KZ834R;
						ProvisioningStyle = Automatic;
						TestTargetID = 54396D201F99411200433EC2;
					};
					54396D3F1F99411200433EC2 = {
						CreatedOnToolsVersion = 8.3.2;
						DevelopmentTeam = WXS3KZ834R;
						ProvisioningStyle = Automatic;
						TestTargetID = 54396D201F99411200433EC2;
					};
				};
			};
			buildConfigurationList = 54396D1C1F99411200433EC2 /* Build configuration list for PBXProject "Athletes" */;
			compatibilityVersion = "Xcode 3.2";
			developmentRegion = English;
			hasScannedForEncodings = 0;
			knownRegions = (
				en,
				Base,
			);
			mainGroup = 54396D181F99411200433EC2;
			productRefGroup = 54396D221F99411200433EC2 /* Products */;
			projectDirPath = "";
			projectRoot = "";
			targets = (
				54396D201F99411200433EC2 /* Athletes */,
				54396D341F99411200433EC2 /* AthletesTests */,
				54396D3F1F99411200433EC2 /* AthletesUITests */,
			);
		};
/* End PBXProject section */

/* Begin PBXResourcesBuildPhase section */
		54396D1F1F99411200433EC2 /* Resources */ = {
			isa = PBXResourcesBuildPhase;
			buildActionMask = 2147483647;
			files = (
				54396D581F99426700433EC2 /* TcAthletes.xib in Resources */,
				54396D2F1F99411200433EC2 /* LaunchScreen.storyboard in Resources */,
				54396D2C1F99411200433EC2 /* Assets.xcassets in Resources */,
				54396D2A1F99411200433EC2 /* Main.storyboard in Resources */,
			);
			runOnlyForDeploymentPostprocessing = 0;
		};
		54396D331F99411200433EC2 /* Resources */ = {
			isa = PBXResourcesBuildPhase;
			buildActionMask = 2147483647;
			files = (
			);
			runOnlyForDeploymentPostprocessing = 0;
		};
		54396D3E1F99411200433EC2 /* Resources */ = {
			isa = PBXResourcesBuildPhase;
			buildActionMask = 2147483647;
			files = (
			);
			runOnlyForDeploymentPostprocessing = 0;
		};
/* End PBXResourcesBuildPhase section */

/* Begin PBXShellScriptBuildPhase section */
		3CACF59B2E5B839D926507F9 /* [CP] Embed Pods Frameworks */ = {
			isa = PBXShellScriptBuildPhase;
			buildActionMask = 2147483647;
			files = (
			);
			inputPaths = (
			);
			name = "[CP] Embed Pods Frameworks";
			outputPaths = (
			);
			runOnlyForDeploymentPostprocessing = 0;
			shellPath = /bin/sh;
			shellScript = "\"${SRCROOT}/Pods/Target Support Files/Pods-AthletesUITests/Pods-AthletesUITests-frameworks.sh\"\n";
			showEnvVarsInLog = 0;
		};
		4F56093D508FA3D8F1184D29 /* [CP] Copy Pods Resources */ = {
			isa = PBXShellScriptBuildPhase;
			buildActionMask = 2147483647;
			files = (
			);
			inputPaths = (
			);
			name = "[CP] Copy Pods Resources";
			outputPaths = (
			);
			runOnlyForDeploymentPostprocessing = 0;
			shellPath = /bin/sh;
			shellScript = "\"${SRCROOT}/Pods/Target Support Files/Pods-AthletesTests/Pods-AthletesTests-resources.sh\"\n";
			showEnvVarsInLog = 0;
		};
		56D8C3883272967BAB4FA483 /* [CP] Check Pods Manifest.lock */ = {
			isa = PBXShellScriptBuildPhase;
			buildActionMask = 2147483647;
			files = (
			);
			inputPaths = (
				"${PODS_PODFILE_DIR_PATH}/Podfile.lock",
				"${PODS_ROOT}/Manifest.lock",
			);
			name = "[CP] Check Pods Manifest.lock";
			outputPaths = (
				"$(DERIVED_FILE_DIR)/Pods-AthletesUITests-checkManifestLockResult.txt",
			);
			runOnlyForDeploymentPostprocessing = 0;
			shellPath = /bin/sh;
			shellScript = "diff \"${PODS_PODFILE_DIR_PATH}/Podfile.lock\" \"${PODS_ROOT}/Manifest.lock\" > /dev/null\nif [ $? != 0 ] ; then\n    # print error to STDERR\n    echo \"error: The sandbox is not in sync with the Podfile.lock. Run 'pod install' or update your CocoaPods installation.\" >&2\n    exit 1\nfi\n# This output is used by Xcode 'outputs' to avoid re-running this script phase.\necho \"SUCCESS\" > \"${SCRIPT_OUTPUT_FILE_0}\"\n";
			showEnvVarsInLog = 0;
		};
		7B6D1F808B132F718CF6D6AD /* [CP] Copy Pods Resources */ = {
			isa = PBXShellScriptBuildPhase;
			buildActionMask = 2147483647;
			files = (
			);
			inputPaths = (
			);
			name = "[CP] Copy Pods Resources";
			outputPaths = (
			);
			runOnlyForDeploymentPostprocessing = 0;
			shellPath = /bin/sh;
			shellScript = "\"${SRCROOT}/Pods/Target Support Files/Pods-AthletesUITests/Pods-AthletesUITests-resources.sh\"\n";
			showEnvVarsInLog = 0;
		};
		900414D20E5225FCC723F534 /* [CP] Check Pods Manifest.lock */ = {
			isa = PBXShellScriptBuildPhase;
			buildActionMask = 2147483647;
			files = (
			);
			inputPaths = (
				"${PODS_PODFILE_DIR_PATH}/Podfile.lock",
				"${PODS_ROOT}/Manifest.lock",
			);
			name = "[CP] Check Pods Manifest.lock";
			outputPaths = (
				"$(DERIVED_FILE_DIR)/Pods-AthletesTests-checkManifestLockResult.txt",
			);
			runOnlyForDeploymentPostprocessing = 0;
			shellPath = /bin/sh;
			shellScript = "diff \"${PODS_PODFILE_DIR_PATH}/Podfile.lock\" \"${PODS_ROOT}/Manifest.lock\" > /dev/null\nif [ $? != 0 ] ; then\n    # print error to STDERR\n    echo \"error: The sandbox is not in sync with the Podfile.lock. Run 'pod install' or update your CocoaPods installation.\" >&2\n    exit 1\nfi\n# This output is used by Xcode 'outputs' to avoid re-running this script phase.\necho \"SUCCESS\" > \"${SCRIPT_OUTPUT_FILE_0}\"\n";
			showEnvVarsInLog = 0;
		};
		B67FA4A5872FDC1AF10CAF4C /* [CP] Embed Pods Frameworks */ = {
			isa = PBXShellScriptBuildPhase;
			buildActionMask = 2147483647;
			files = (
			);
			inputPaths = (
				"${SRCROOT}/Pods/Target Support Files/Pods-Athletes/Pods-Athletes-frameworks.sh",
				"${BUILT_PRODUCTS_DIR}/Alamofire/Alamofire.framework",
				"${BUILT_PRODUCTS_DIR}/Kingfisher/Kingfisher.framework",
				"${BUILT_PRODUCTS_DIR}/NVActivityIndicatorView/NVActivityIndicatorView.framework",
				"${BUILT_PRODUCTS_DIR}/ObjectMapper/ObjectMapper.framework",
				"${BUILT_PRODUCTS_DIR}/SwiftyJSON/SwiftyJSON.framework",
				"${BUILT_PRODUCTS_DIR}/UIScrollView-InfiniteScroll/UIScrollView_InfiniteScroll.framework",
			);
			name = "[CP] Embed Pods Frameworks";
			outputPaths = (
				"${TARGET_BUILD_DIR}/${FRAMEWORKS_FOLDER_PATH}/Alamofire.framework",
				"${TARGET_BUILD_DIR}/${FRAMEWORKS_FOLDER_PATH}/Kingfisher.framework",
				"${TARGET_BUILD_DIR}/${FRAMEWORKS_FOLDER_PATH}/NVActivityIndicatorView.framework",
				"${TARGET_BUILD_DIR}/${FRAMEWORKS_FOLDER_PATH}/ObjectMapper.framework",
				"${TARGET_BUILD_DIR}/${FRAMEWORKS_FOLDER_PATH}/SwiftyJSON.framework",
				"${TARGET_BUILD_DIR}/${FRAMEWORKS_FOLDER_PATH}/UIScrollView_InfiniteScroll.framework",
			);
			runOnlyForDeploymentPostprocessing = 0;
			shellPath = /bin/sh;
			shellScript = "\"${SRCROOT}/Pods/Target Support Files/Pods-Athletes/Pods-Athletes-frameworks.sh\"\n";
			showEnvVarsInLog = 0;
		};
		C07F9F1507571FC9F3A6F0E9 /* [CP] Check Pods Manifest.lock */ = {
			isa = PBXShellScriptBuildPhase;
			buildActionMask = 2147483647;
			files = (
			);
			inputPaths = (
				"${PODS_PODFILE_DIR_PATH}/Podfile.lock",
				"${PODS_ROOT}/Manifest.lock",
			);
			name = "[CP] Check Pods Manifest.lock";
			outputPaths = (
				"$(DERIVED_FILE_DIR)/Pods-Athletes-checkManifestLockResult.txt",
			);
			runOnlyForDeploymentPostprocessing = 0;
			shellPath = /bin/sh;
			shellScript = "diff \"${PODS_PODFILE_DIR_PATH}/Podfile.lock\" \"${PODS_ROOT}/Manifest.lock\" > /dev/null\nif [ $? != 0 ] ; then\n    # print error to STDERR\n    echo \"error: The sandbox is not in sync with the Podfile.lock. Run 'pod install' or update your CocoaPods installation.\" >&2\n    exit 1\nfi\n# This output is used by Xcode 'outputs' to avoid re-running this script phase.\necho \"SUCCESS\" > \"${SCRIPT_OUTPUT_FILE_0}\"\n";
			showEnvVarsInLog = 0;
		};
		D3311E30031971828888EE7E /* [CP] Copy Pods Resources */ = {
			isa = PBXShellScriptBuildPhase;
			buildActionMask = 2147483647;
			files = (
			);
			inputPaths = (
			);
			name = "[CP] Copy Pods Resources";
			outputPaths = (
			);
			runOnlyForDeploymentPostprocessing = 0;
			shellPath = /bin/sh;
			shellScript = "\"${SRCROOT}/Pods/Target Support Files/Pods-Athletes/Pods-Athletes-resources.sh\"\n";
			showEnvVarsInLog = 0;
		};
		D43878A1C792947679014A59 /* [CP] Embed Pods Frameworks */ = {
			isa = PBXShellScriptBuildPhase;
			buildActionMask = 2147483647;
			files = (
			);
			inputPaths = (
			);
			name = "[CP] Embed Pods Frameworks";
			outputPaths = (
			);
			runOnlyForDeploymentPostprocessing = 0;
			shellPath = /bin/sh;
			shellScript = "\"${SRCROOT}/Pods/Target Support Files/Pods-AthletesTests/Pods-AthletesTests-frameworks.sh\"\n";
			showEnvVarsInLog = 0;
		};
/* End PBXShellScriptBuildPhase section */

/* Begin PBXSourcesBuildPhase section */
		54396D1D1F99411200433EC2 /* Sources */ = {
			isa = PBXSourcesBuildPhase;
			buildActionMask = 2147483647;
			files = (
				541507B41F9B43BA001965D7 /* AthletesView.swift in Sources */,
				541507B01F9B42D4001965D7 /* AthletesViewController.swift in Sources */,
				54A171991F99504100B84ADF /* NetworkHelper.swift in Sources */,
				541507B21F9B43AC001965D7 /* AthletesPresenter.swift in Sources */,
				54A171971F994F5200B84ADF /* ModAthletes.swift in Sources */,
				54A1719B1F99505000B84ADF /* AccessLayer.swift in Sources */,
				54A171961F994F5200B84ADF /* Athlete.swift in Sources */,
				541507B81F9B5435001965D7 /* Extensions.swift in Sources */,
				54396D251F99411200433EC2 /* AppDelegate.swift in Sources */,
				54396D571F99426700433EC2 /* TcAthletes.swift in Sources */,
				548946211F9B95530031B3B7 /* AthletesDetailsViewController.swift in Sources */,
				54396D5B1F994B0300433EC2 /* Constants.swift in Sources */,
				54396D5C1F994B0300433EC2 /* Uitilities.swift in Sources */,
			);
			runOnlyForDeploymentPostprocessing = 0;
		};
		54396D311F99411200433EC2 /* Sources */ = {
			isa = PBXSourcesBuildPhase;
			buildActionMask = 2147483647;
			files = (
				54396D3A1F99411200433EC2 /* AthletesTests.swift in Sources */,
			);
			runOnlyForDeploymentPostprocessing = 0;
		};
		54396D3C1F99411200433EC2 /* Sources */ = {
			isa = PBXSourcesBuildPhase;
			buildActionMask = 2147483647;
			files = (
				54396D451F99411200433EC2 /* AthletesUITests.swift in Sources */,
			);
			runOnlyForDeploymentPostprocessing = 0;
		};
/* End PBXSourcesBuildPhase section */

/* Begin PBXTargetDependency section */
		54396D371F99411200433EC2 /* PBXTargetDependency */ = {
			isa = PBXTargetDependency;
			target = 54396D201F99411200433EC2 /* Athletes */;
			targetProxy = 54396D361F99411200433EC2 /* PBXContainerItemProxy */;
		};
		54396D421F99411200433EC2 /* PBXTargetDependency */ = {
			isa = PBXTargetDependency;
			target = 54396D201F99411200433EC2 /* Athletes */;
			targetProxy = 54396D411F99411200433EC2 /* PBXContainerItemProxy */;
		};
/* End PBXTargetDependency section */

/* Begin PBXVariantGroup section */
		54396D281F99411200433EC2 /* Main.storyboard */ = {
			isa = PBXVariantGroup;
			children = (
				54396D291F99411200433EC2 /* Base */,
			);
			name = Main.storyboard;
			sourceTree = "<group>";
		};
		54396D2D1F99411200433EC2 /* LaunchScreen.storyboard */ = {
			isa = PBXVariantGroup;
			children = (
				54396D2E1F99411200433EC2 /* Base */,
			);
			name = LaunchScreen.storyboard;
			sourceTree = "<group>";
		};
/* End PBXVariantGroup section */

/* Begin XCBuildConfiguration section */
		54396D471F99411200433EC2 /* Debug */ = {
			isa = XCBuildConfiguration;
			buildSettings = {
				ALWAYS_SEARCH_USER_PATHS = NO;
				CLANG_ANALYZER_NONNULL = YES;
				CLANG_ANALYZER_NUMBER_OBJECT_CONVERSION = YES_AGGRESSIVE;
				CLANG_CXX_LANGUAGE_STANDARD = "gnu++0x";
				CLANG_CXX_LIBRARY = "libc++";
				CLANG_ENABLE_MODULES = YES;
				CLANG_ENABLE_OBJC_ARC = YES;
				CLANG_WARN_BOOL_CONVERSION = YES;
				CLANG_WARN_CONSTANT_CONVERSION = YES;
				CLANG_WARN_DIRECT_OBJC_ISA_USAGE = YES_ERROR;
				CLANG_WARN_DOCUMENTATION_COMMENTS = YES;
				CLANG_WARN_EMPTY_BODY = YES;
				CLANG_WARN_ENUM_CONVERSION = YES;
				CLANG_WARN_INFINITE_RECURSION = YES;
				CLANG_WARN_INT_CONVERSION = YES;
				CLANG_WARN_OBJC_ROOT_CLASS = YES_ERROR;
				CLANG_WARN_SUSPICIOUS_MOVE = YES;
				CLANG_WARN_UNREACHABLE_CODE = YES;
				CLANG_WARN__DUPLICATE_METHOD_MATCH = YES;
				"CODE_SIGN_IDENTITY[sdk=iphoneos*]" = "iPhone Developer";
				COPY_PHASE_STRIP = NO;
				DEBUG_INFORMATION_FORMAT = dwarf;
				ENABLE_STRICT_OBJC_MSGSEND = YES;
				ENABLE_TESTABILITY = YES;
				GCC_C_LANGUAGE_STANDARD = gnu99;
				GCC_DYNAMIC_NO_PIC = NO;
				GCC_NO_COMMON_BLOCKS = YES;
				GCC_OPTIMIZATION_LEVEL = 0;
				GCC_PREPROCESSOR_DEFINITIONS = (
					"DEBUG=1",
					"$(inherited)",
				);
				GCC_WARN_64_TO_32_BIT_CONVERSION = YES;
				GCC_WARN_ABOUT_RETURN_TYPE = YES_ERROR;
				GCC_WARN_UNDECLARED_SELECTOR = YES;
				GCC_WARN_UNINITIALIZED_AUTOS = YES_AGGRESSIVE;
				GCC_WARN_UNUSED_FUNCTION = YES;
				GCC_WARN_UNUSED_VARIABLE = YES;
				IPHONEOS_DEPLOYMENT_TARGET = 10.3;
				MTL_ENABLE_DEBUG_INFO = YES;
				ONLY_ACTIVE_ARCH = YES;
				SDKROOT = iphoneos;
				SWIFT_ACTIVE_COMPILATION_CONDITIONS = DEBUG;
				SWIFT_OPTIMIZATION_LEVEL = "-Onone";
				TARGETED_DEVICE_FAMILY = "1,2";
			};
			name = Debug;
		};
		54396D481F99411200433EC2 /* Release */ = {
			isa = XCBuildConfiguration;
			buildSettings = {
				ALWAYS_SEARCH_USER_PATHS = NO;
				CLANG_ANALYZER_NONNULL = YES;
				CLANG_ANALYZER_NUMBER_OBJECT_CONVERSION = YES_AGGRESSIVE;
				CLANG_CXX_LANGUAGE_STANDARD = "gnu++0x";
				CLANG_CXX_LIBRARY = "libc++";
				CLANG_ENABLE_MODULES = YES;
				CLANG_ENABLE_OBJC_ARC = YES;
				CLANG_WARN_BOOL_CONVERSION = YES;
				CLANG_WARN_CONSTANT_CONVERSION = YES;
				CLANG_WARN_DIRECT_OBJC_ISA_USAGE = YES_ERROR;
				CLANG_WARN_DOCUMENTATION_COMMENTS = YES;
				CLANG_WARN_EMPTY_BODY = YES;
				CLANG_WARN_ENUM_CONVERSION = YES;
				CLANG_WARN_INFINITE_RECURSION = YES;
				CLANG_WARN_INT_CONVERSION = YES;
				CLANG_WARN_OBJC_ROOT_CLASS = YES_ERROR;
				CLANG_WARN_SUSPICIOUS_MOVE = YES;
				CLANG_WARN_UNREACHABLE_CODE = YES;
				CLANG_WARN__DUPLICATE_METHOD_MATCH = YES;
				"CODE_SIGN_IDENTITY[sdk=iphoneos*]" = "iPhone Developer";
				COPY_PHASE_STRIP = NO;
				DEBUG_INFORMATION_FORMAT = "dwarf-with-dsym";
				ENABLE_NS_ASSERTIONS = NO;
				ENABLE_STRICT_OBJC_MSGSEND = YES;
				GCC_C_LANGUAGE_STANDARD = gnu99;
				GCC_NO_COMMON_BLOCKS = YES;
				GCC_WARN_64_TO_32_BIT_CONVERSION = YES;
				GCC_WARN_ABOUT_RETURN_TYPE = YES_ERROR;
				GCC_WARN_UNDECLARED_SELECTOR = YES;
				GCC_WARN_UNINITIALIZED_AUTOS = YES_AGGRESSIVE;
				GCC_WARN_UNUSED_FUNCTION = YES;
				GCC_WARN_UNUSED_VARIABLE = YES;
				IPHONEOS_DEPLOYMENT_TARGET = 10.3;
				MTL_ENABLE_DEBUG_INFO = NO;
				SDKROOT = iphoneos;
				SWIFT_OPTIMIZATION_LEVEL = "-Owholemodule";
				TARGETED_DEVICE_FAMILY = "1,2";
				VALIDATE_PRODUCT = YES;
			};
			name = Release;
		};
		54396D4A1F99411200433EC2 /* Debug */ = {
			isa = XCBuildConfiguration;
			baseConfigurationReference = CF1AD7463B4D687E6EB44E1D /* Pods-Athletes.debug.xcconfig */;
			buildSettings = {
				ASSETCATALOG_COMPILER_APPICON_NAME = AppIcon;
				DEVELOPMENT_TEAM = WXS3KZ834R;
				INFOPLIST_FILE = Athletes/Info.plist;
				LD_RUNPATH_SEARCH_PATHS = "$(inherited) @executable_path/Frameworks";
				PRODUCT_BUNDLE_IDENTIFIER = "V-Apps.Athletes";
				PRODUCT_NAME = "$(TARGET_NAME)";
				SWIFT_VERSION = 3.0;
			};
			name = Debug;
		};
		54396D4B1F99411200433EC2 /* Release */ = {
			isa = XCBuildConfiguration;
			baseConfigurationReference = D0A6AF8242FE1B291E2FFC63 /* Pods-Athletes.release.xcconfig */;
			buildSettings = {
				ASSETCATALOG_COMPILER_APPICON_NAME = AppIcon;
				DEVELOPMENT_TEAM = WXS3KZ834R;
				INFOPLIST_FILE = Athletes/Info.plist;
				LD_RUNPATH_SEARCH_PATHS = "$(inherited) @executable_path/Frameworks";
				PRODUCT_BUNDLE_IDENTIFIER = "V-Apps.Athletes";
				PRODUCT_NAME = "$(TARGET_NAME)";
				SWIFT_VERSION = 3.0;
			};
			name = Release;
		};
		54396D4D1F99411200433EC2 /* Debug */ = {
			isa = XCBuildConfiguration;
			baseConfigurationReference = 33250869FFA0972968361F6A /* Pods-AthletesTests.debug.xcconfig */;
			buildSettings = {
				ALWAYS_EMBED_SWIFT_STANDARD_LIBRARIES = YES;
				BUNDLE_LOADER = "$(TEST_HOST)";
				DEVELOPMENT_TEAM = WXS3KZ834R;
				INFOPLIST_FILE = AthletesTests/Info.plist;
				LD_RUNPATH_SEARCH_PATHS = "$(inherited) @executable_path/Frameworks @loader_path/Frameworks";
				PRODUCT_BUNDLE_IDENTIFIER = "V-Apps.AthletesTests";
				PRODUCT_NAME = "$(TARGET_NAME)";
				SWIFT_VERSION = 3.0;
				TEST_HOST = "$(BUILT_PRODUCTS_DIR)/Athletes.app/Athletes";
			};
			name = Debug;
		};
		54396D4E1F99411200433EC2 /* Release */ = {
			isa = XCBuildConfiguration;
			baseConfigurationReference = 9C8A78E34EAEA3DEEB9225E6 /* Pods-AthletesTests.release.xcconfig */;
			buildSettings = {
				ALWAYS_EMBED_SWIFT_STANDARD_LIBRARIES = YES;
				BUNDLE_LOADER = "$(TEST_HOST)";
				DEVELOPMENT_TEAM = WXS3KZ834R;
				INFOPLIST_FILE = AthletesTests/Info.plist;
				LD_RUNPATH_SEARCH_PATHS = "$(inherited) @executable_path/Frameworks @loader_path/Frameworks";
				PRODUCT_BUNDLE_IDENTIFIER = "V-Apps.AthletesTests";
				PRODUCT_NAME = "$(TARGET_NAME)";
				SWIFT_VERSION = 3.0;
				TEST_HOST = "$(BUILT_PRODUCTS_DIR)/Athletes.app/Athletes";
			};
			name = Release;
		};
		54396D501F99411200433EC2 /* Debug */ = {
			isa = XCBuildConfiguration;
			baseConfigurationReference = 9047DB782E238B75E7DDD479 /* Pods-AthletesUITests.debug.xcconfig */;
			buildSettings = {
				ALWAYS_EMBED_SWIFT_STANDARD_LIBRARIES = YES;
				DEVELOPMENT_TEAM = WXS3KZ834R;
				INFOPLIST_FILE = AthletesUITests/Info.plist;
				LD_RUNPATH_SEARCH_PATHS = "$(inherited) @executable_path/Frameworks @loader_path/Frameworks";
				PRODUCT_BUNDLE_IDENTIFIER = "V-Apps.AthletesUITests";
				PRODUCT_NAME = "$(TARGET_NAME)";
				SWIFT_VERSION = 3.0;
				TEST_TARGET_NAME = Athletes;
			};
			name = Debug;
		};
		54396D511F99411200433EC2 /* Release */ = {
			isa = XCBuildConfiguration;
			baseConfigurationReference = C552E5D44682DA4CB11F95B1 /* Pods-AthletesUITests.release.xcconfig */;
			buildSettings = {
				ALWAYS_EMBED_SWIFT_STANDARD_LIBRARIES = YES;
				DEVELOPMENT_TEAM = WXS3KZ834R;
				INFOPLIST_FILE = AthletesUITests/Info.plist;
				LD_RUNPATH_SEARCH_PATHS = "$(inherited) @executable_path/Frameworks @loader_path/Frameworks";
				PRODUCT_BUNDLE_IDENTIFIER = "V-Apps.AthletesUITests";
				PRODUCT_NAME = "$(TARGET_NAME)";
				SWIFT_VERSION = 3.0;
				TEST_TARGET_NAME = Athletes;
			};
			name = Release;
		};
/* End XCBuildConfiguration section */

/* Begin XCConfigurationList section */
		54396D1C1F99411200433EC2 /* Build configuration list for PBXProject "Athletes" */ = {
			isa = XCConfigurationList;
			buildConfigurations = (
				54396D471F99411200433EC2 /* Debug */,
				54396D481F99411200433EC2 /* Release */,
			);
			defaultConfigurationIsVisible = 0;
			defaultConfigurationName = Release;
		};
		54396D491F99411200433EC2 /* Build configuration list for PBXNativeTarget "Athletes" */ = {
			isa = XCConfigurationList;
			buildConfigurations = (
				54396D4A1F99411200433EC2 /* Debug */,
				54396D4B1F99411200433EC2 /* Release */,
			);
			defaultConfigurationIsVisible = 0;
			defaultConfigurationName = Release;
		};
		54396D4C1F99411200433EC2 /* Build configuration list for PBXNativeTarget "AthletesTests" */ = {
			isa = XCConfigurationList;
			buildConfigurations = (
				54396D4D1F99411200433EC2 /* Debug */,
				54396D4E1F99411200433EC2 /* Release */,
			);
			defaultConfigurationIsVisible = 0;
			defaultConfigurationName = Release;
		};
		54396D4F1F99411200433EC2 /* Build configuration list for PBXNativeTarget "AthletesUITests" */ = {
			isa = XCConfigurationList;
			buildConfigurations = (
				54396D501F99411200433EC2 /* Debug */,
				54396D511F99411200433EC2 /* Release */,
			);
			defaultConfigurationIsVisible = 0;
			defaultConfigurationName = Release;
		};
/* End XCConfigurationList section */
	};
	rootObject = 54396D191F99411200433EC2 /* Project object */;
}
